
Microsoft Visual Studio Solution File, Format Version 12.00
# Visual Studio Version 16
VisualStudioVersion = 16.0.30128.74
MinimumVisualStudioVersion = 10.0.40219.1
Project("{9A19103F-16F7-4668-BE54-9A1E7A4F7556}") = "Axosnet.Recibos.Api", "Axosnet.Recibos.Api\Axosnet.Recibos.Api.csproj", "{CAC51248-60AE-4907-9CFF-930EF4D5AC78}"
EndProject
Project("{9A19103F-16F7-4668-BE54-9A1E7A4F7556}") = "Axosnet.Recibos.Persistencia", "Axosnet.Recibos.Persistencia\Axosnet.Recibos.Persistencia.csproj", "{A80B770F-08F3-4AE2-B916-952AD7B12A79}"
EndProject
Project("{9A19103F-16F7-4668-BE54-9A1E7A4F7556}") = "Axosnet.Recibos.Dominio", "Axosnet.Recibos.Dominio\Axosnet.Recibos.Dominio.csproj", "{95FA1979-7F67-452A-A4ED-8DD3466918DC}"
EndProject
Project("{9A19103F-16F7-4668-BE54-9A1E7A4F7556}") = "Axosnet.Recibos.Seguridad", "Axosnet.Recibos.Seguridad\Axosnet.Recibos.Seguridad.csproj", "{1E617426-4B78-4F1F-A29D-84DD3773CFB8}"
EndProject
Project("{9A19103F-16F7-4668-BE54-9A1E7A4F7556}") = "Axosnet.Recibos.Aplicacion", "Axosnet.Recibos.Aplicacion\Axosnet.Recibos.Aplicacion.csproj", "{9AFE3014-E3CF-4F2E-9698-CE058D99231B}"
EndProject
Project("{FAE04EC0-301F-11D3-BF4B-00C04F79EFBC}") = "Axosnet.Recibos.Test", "Axosnet.Recibos.Test\Axosnet.Recibos.Test.csproj", "{B2497F18-1BFE-404C-8B9F-95602F93127D}"
EndProject
Global
	GlobalSection(SolutionConfigurationPlatforms) = preSolution
		Debug|Any CPU = Debug|Any CPU
		Release|Any CPU = Release|Any CPU
	EndGlobalSection
	GlobalSection(ProjectConfigurationPlatforms) = postSolution
		{CAC51248-60AE-4907-9CFF-930EF4D5AC78}.Debug|Any CPU.ActiveCfg = Debug|Any CPU
		{CAC51248-60AE-4907-9CFF-930EF4D5AC78}.Debug|Any CPU.Build.0 = Debug|Any CPU
		{CAC51248-60AE-4907-9CFF-930EF4D5AC78}.Release|Any CPU.ActiveCfg = Release|Any CPU
		{CAC51248-60AE-4907-9CFF-930EF4D5AC78}.Release|Any CPU.Build.0 = Release|Any CPU
		{A80B770F-08F3-4AE2-B916-952AD7B12A79}.Debug|Any CPU.ActiveCfg = Debug|Any CPU
		{A80B770F-08F3-4AE2-B916-952AD7B12A79}.Debug|Any CPU.Build.0 = Debug|Any CPU
		{A80B770F-08F3-4AE2-B916-952AD7B12A79}.Release|Any CPU.ActiveCfg = Release|Any CPU
		{A80B770F-08F3-4AE2-B916-952AD7B12A79}.Release|Any CPU.Build.0 = Release|Any CPU
		{95FA1979-7F67-452A-A4ED-8DD3466918DC}.Debug|Any CPU.ActiveCfg = Debug|Any CPU
		{95FA1979-7F67-452A-A4ED-8DD3466918DC}.Debug|Any CPU.Build.0 = Debug|Any CPU
		{95FA1979-7F67-452A-A4ED-8DD3466918DC}.Release|Any CPU.ActiveCfg = Release|Any CPU
		{95FA1979-7F67-452A-A4ED-8DD3466918DC}.Release|Any CPU.Build.0 = Release|Any CPU
		{1E617426-4B78-4F1F-A29D-84DD3773CFB8}.Debug|Any CPU.ActiveCfg = Debug|Any CPU
		{1E617426-4B78-4F1F-A29D-84DD3773CFB8}.Debug|Any CPU.Build.0 = Debug|Any CPU
		{1E617426-4B78-4F1F-A29D-84DD3773CFB8}.Release|Any CPU.ActiveCfg = Release|Any CPU
		{1E617426-4B78-4F1F-A29D-84DD3773CFB8}.Release|Any CPU.Build.0 = Release|Any CPU
		{9AFE3014-E3CF-4F2E-9698-CE058D99231B}.Debug|Any CPU.ActiveCfg = Debug|Any CPU
		{9AFE3014-E3CF-4F2E-9698-CE058D99231B}.Debug|Any CPU.Build.0 = Debug|Any CPU
		{9AFE3014-E3CF-4F2E-9698-CE058D99231B}.Release|Any CPU.ActiveCfg = Release|Any CPU
		{9AFE3014-E3CF-4F2E-9698-CE058D99231B}.Release|Any CPU.Build.0 = Release|Any CPU
		{B2497F18-1BFE-404C-8B9F-95602F93127D}.Debug|Any CPU.ActiveCfg = Debug|Any CPU
		{B2497F18-1BFE-404C-8B9F-95602F93127D}.Debug|Any CPU.Build.0 = Debug|Any CPU
		{B2497F18-1BFE-404C-8B9F-95602F93127D}.Release|Any CPU.ActiveCfg = Release|Any CPU
		{B2497F18-1BFE-404C-8B9F-95602F93127D}.Release|Any CPU.Build.0 = Release|Any CPU
	EndGlobalSection
	GlobalSection(SolutionProperties) = preSolution
		HideSolutionNode = FALSE
	EndGlobalSection
	GlobalSection(ExtensibilityGlobals) = postSolution
		SolutionGuid = {C631BB45-6AE5-4566-A65B-714836A8F539}
	EndGlobalSection
EndGlobal
